
Microsoft Visual Studio Solution File, Format Version 12.00
# Visual Studio Version 16
VisualStudioVersion = 16.0.29613.14
MinimumVisualStudioVersion = 10.0.40219.1
Project("{9A19103F-16F7-4668-BE54-9A1E7A4F7556}") = "RoverSim", "RoverSim\RoverSim.csproj", "{81E7C0E0-0DD1-495D-BEE2-652F569357B8}"
EndProject
Project("{9A19103F-16F7-4668-BE54-9A1E7A4F7556}") = "RoverTest", "RoverTest\RoverTest.csproj", "{A128C67F-427C-46A6-8EC9-DCFE7EBF12A8}"
EndProject
Global
	GlobalSection(SolutionConfigurationPlatforms) = preSolution
		Debug|Any CPU = Debug|Any CPU
		Release|Any CPU = Release|Any CPU
	EndGlobalSection
	GlobalSection(ProjectConfigurationPlatforms) = postSolution
		{81E7C0E0-0DD1-495D-BEE2-652F569357B8}.Debug|Any CPU.ActiveCfg = Debug|Any CPU
		{81E7C0E0-0DD1-495D-BEE2-652F569357B8}.Debug|Any CPU.Build.0 = Debug|Any CPU
		{81E7C0E0-0DD1-495D-BEE2-652F569357B8}.Release|Any CPU.ActiveCfg = Release|Any CPU
		{81E7C0E0-0DD1-495D-BEE2-652F569357B8}.Release|Any CPU.Build.0 = Release|Any CPU
		{A128C67F-427C-46A6-8EC9-DCFE7EBF12A8}.Debug|Any CPU.ActiveCfg = Debug|Any CPU
		{A128C67F-427C-46A6-8EC9-DCFE7EBF12A8}.Debug|Any CPU.Build.0 = Debug|Any CPU
		{A128C67F-427C-46A6-8EC9-DCFE7EBF12A8}.Release|Any CPU.ActiveCfg = Release|Any CPU
		{A128C67F-427C-46A6-8EC9-DCFE7EBF12A8}.Release|Any CPU.Build.0 = Release|Any CPU
	EndGlobalSection
	GlobalSection(SolutionProperties) = preSolution
		HideSolutionNode = FALSE
	EndGlobalSection
	GlobalSection(ExtensibilityGlobals) = postSolution
		SolutionGuid = {6405A697-FCA6-4B26-9B3A-699B794D5D74}
	EndGlobalSection
EndGlobal
